{
    __meta__ = {
        version = "1.0"
    },
    ["windows|x64"] = {
        ["cmake#f56260b5"] = {
            repo = {
                branch = "master",
                commit = "e42884d3b4bb07d5f81342040ec69be7c0badb02",
                url = "https://gitlab.com/tboox/xmake-repo.git"
            },
            version = "4.2.3"
        },
        ["directxmath#f56260b5"] = {
            repo = {
                branch = "master",
                commit = "e42884d3b4bb07d5f81342040ec69be7c0badb02",
                url = "https://gitlab.com/tboox/xmake-repo.git"
            },
            version = "2024.02"
        },
        ["directxtk#f56260b5"] = {
            repo = {
                branch = "master",
                commit = "e42884d3b4bb07d5f81342040ec69be7c0badb02",
                url = "https://gitlab.com/tboox/xmake-repo.git"
            },
            version = "24.2.0"
        },
        ["eigen#f56260b5"] = {
            repo = {
                branch = "master",
                commit = "e42884d3b4bb07d5f81342040ec69be7c0badb02",
                url = "https://gitlab.com/tboox/xmake-repo.git"
            },
            version = "5.0.1"
        },
        ["glm#f56260b5"] = {
            repo = {
                branch = "master",
                commit = "e42884d3b4bb07d5f81342040ec69be7c0badb02",
                url = "https://gitlab.com/tboox/xmake-repo.git"
            },
            version = "1.0.3"
        },
        ["magic_enum#f56260b5"] = {
            repo = {
                branch = "master",
                commit = "e42884d3b4bb07d5f81342040ec69be7c0badb02",
                url = "https://gitlab.com/tboox/xmake-repo.git"
            },
            version = "v0.9.7"
        },
        ["ninja#f56260b5"] = {
            repo = {
                branch = "master",
                commit = "e42884d3b4bb07d5f81342040ec69be7c0badb02",
                url = "https://gitlab.com/tboox/xmake-repo.git"
            },
            version = "v1.13.1"
        },
        ["nlohmann_json#f56260b5"] = {
            repo = {
                branch = "master",
                commit = "e42884d3b4bb07d5f81342040ec69be7c0badb02",
                url = "https://gitlab.com/tboox/xmake-repo.git"
            },
            version = "v3.12.0"
        },
        ["simpleini#f56260b5"] = {
            repo = {
                branch = "master",
                commit = "e42884d3b4bb07d5f81342040ec69be7c0badb02",
                url = "https://gitlab.com/tboox/xmake-repo.git"
            },
            version = "v4.25"
        },
        ["spdlog#09c8c173"] = {
            repo = {
                branch = "master",
                commit = "e42884d3b4bb07d5f81342040ec69be7c0badb02",
                url = "https://gitlab.com/tboox/xmake-repo.git"
            },
            version = "v1.17.0"
        },
        ["yaml-cpp#f56260b5"] = {
            repo = {
                branch = "master",
                commit = "e42884d3b4bb07d5f81342040ec69be7c0badb02",
                url = "https://gitlab.com/tboox/xmake-repo.git"
            },
            version = "0.8.0"
        }
    }
}